# THIS IS AN AUTOGENERATED FILE. DO NOT EDIT THIS FILE DIRECTLY.
# yarn lockfile v1


"@editorjs/delimiter@1.1.0":
  version "1.1.0"
  resolved "https://registry.yarnpkg.com/@editorjs/delimiter/-/delimiter-1.1.0.tgz#f61808ea92e4e289607d54441964f1cb8605410a"
  integrity sha512-0G36vEvvb94g6nu/qs2rVjC/qjxLnY20OfOgxROKSOOXzS7xnkTij5raeIxRiYueeLL5fMrzrvtFH7wclfxF+g==

"@editorjs/editorjs@2.18.0":
  version "2.18.0"
  resolved "https://registry.yarnpkg.com/@editorjs/editorjs/-/editorjs-2.18.0.tgz#bde42183013f5ca98693e77986cc9d8b2c9a1244"
  integrity sha512-9OKs580JFKoXCAw7llb19E+qxY6QuzgDBq50cKbyOS1Lt+BglTq/zBdXxmRWNRTlCMxjTB1vgnq70+OjEyDSlw==
  dependencies:
    codex-notifier "^1.1.2"
    codex-tooltip "^1.0.1"

"@editorjs/header@2.5.0":
  version "2.5.0"
  resolved "https://registry.yarnpkg.com/@editorjs/header/-/header-2.5.0.tgz#f6266d5b7e639fc38289291160f9c41ab12d9da5"
  integrity sha512-7j8g5/pjb7WtzjpANai/BoUK4QnZdNLt6Q4YRWL8xfLfUtN2M6zEfV11TuEh/l6eZlO0f/5vkXDFXDsbfeJfDA==

"@editorjs/list@1.5.0":
  version "1.5.0"
  resolved "https://registry.yarnpkg.com/@editorjs/list/-/list-1.5.0.tgz#8675c82caa25f50744a4b072a7911163ce26bd74"
  integrity sha512-LzZuJwJ2HxCkuaPrp3zYdQGvMC8dzXjewqWEBZ9mpq0fVwBAse4o9QB2mWvJxZ93UtLqQE7f9vrbHotG2uW9Qg==

"@editorjs/quote@2.3.0":
  version "2.3.0"
  resolved "https://registry.yarnpkg.com/@editorjs/quote/-/quote-2.3.0.tgz#5585cf93a87a1fd4e0c72ba08c90eb8eb06b518d"
  integrity sha512-B+4xEXMWiZki2EQDTJRnzMK8hNwpf7vGJtYIxfE4rOuXi5mke3xkKhrD7yPXcZYucVtCnfCVPOmFaQ3ZgiG2Qw==

"@sapper-dragon/svgo@0.1.4":
  version "0.1.4"
  resolved "https://registry.yarnpkg.com/@sapper-dragon/svgo/-/svgo-0.1.4.tgz#ca02dbb356de409582c4fe054e47600f6a9c3be5"
  integrity sha512-8zkj+FSwfoXKNcO7HMkrvYo1Db1CFjwbq7ulxhz6aczScis9nXJL1pH8xeye2PCmw63wM0lSkNp3HP0G6x6nIQ==
  dependencies:
    ansi-colors "4.1.1"
    svgo "1.3.2"

"@sapper-dragon/trimmings@0.1.4":
  version "0.1.4"
  resolved "https://registry.yarnpkg.com/@sapper-dragon/trimmings/-/trimmings-0.1.4.tgz#5b3b52b8244f7876a130943f1ea7363ad21bd219"
  integrity sha512-Meqi+arRZoMhfICxcc7FKZ5P6n2beNrxcBudj+eDfo4z0W+rGNQNqAP+/PkF4rWf2YXFPJJ8yvPpYrs9rK+X8w==
  dependencies:
    ansi-colors "4.1.1"
    cheap-watch "1.0.2"
    dotenv "8.2.0"
    esm "3.2.25"
    fs-extra "9.0.1"
    sade "1.7.3"

"@transloadit/prettier-bytes@0.0.7":
  version "0.0.7"
  resolved "https://registry.yarnpkg.com/@transloadit/prettier-bytes/-/prettier-bytes-0.0.7.tgz#cdb5399f445fdd606ed833872fa0cabdbc51686b"
  integrity sha512-VeJbUb0wEKbcwaSlj5n+LscBl9IPgLPkHVGBkh00cztv6X4L/TJXK58LzFuBKX7/GAfiGhIwH67YTLTlzvIzBA==

"@types/q@^1.5.1":
  version "1.5.2"
  resolved "https://registry.yarnpkg.com/@types/q/-/q-1.5.2.tgz#690a1475b84f2a884fd07cd797c00f5f31356ea8"
  integrity sha512-ce5d3q03Ex0sy4R14722Rmt6MT07Ua+k4FwDfdcToYJcMKNtRVQvJ6JCAPdAmAnbRb6CsX6aYb9m96NGod9uTw==

"@uppy/companion-client@^1.5.4":
  version "1.5.4"
  resolved "https://registry.yarnpkg.com/@uppy/companion-client/-/companion-client-1.5.4.tgz#11a9d2ee91a13789ca083f88a3ac7378b3fb20ed"
  integrity sha512-AmrKamjHraqm/eV00ps8brw5ajI9NqjzBotTtPH9QaC+D3wIQ/EoWZNTGx4OlGYRahEoVr1K6hhlyUoHmEQc4w==
  dependencies:
    "@uppy/utils" "^3.2.3"
    namespace-emitter "^2.0.1"

"@uppy/core@1.13.2":
  version "1.13.2"
  resolved "https://registry.yarnpkg.com/@uppy/core/-/core-1.13.2.tgz#78c03019ca78ebaa2920c1fa4888ee76531d2e59"
  integrity sha512-h0fbwlntm51lJ5i9k16csAsGNuWSzAZe69gLX/5DOISWqziRdF3g2EtSG17p/p/tK/MwX1dzyNU8JI6krDYIwA==
  dependencies:
    "@transloadit/prettier-bytes" "0.0.7"
    "@uppy/store-default" "^1.2.4"
    "@uppy/utils" "^3.2.3"
    cuid "^2.1.1"
    lodash.throttle "^4.1.1"
    mime-match "^1.0.2"
    namespace-emitter "^2.0.1"
    preact "8.2.9"

"@uppy/dashboard@1.12.8":
  version "1.12.8"
  resolved "https://registry.yarnpkg.com/@uppy/dashboard/-/dashboard-1.12.8.tgz#1ec26020753fb58ac6182f5adad7d018e6157097"
  integrity sha512-ryz2x2i/jwVJCDGcdiQqD6Az92WPY6ft/r5iu2TTxOIzUFdou3T1rKF/6Dbh3qVCbzzFviPMLdTVfaSsEoQdNw==
  dependencies:
    "@transloadit/prettier-bytes" "0.0.7"
    "@uppy/informer" "^1.5.11"
    "@uppy/provider-views" "^1.7.7"
    "@uppy/status-bar" "^1.7.6"
    "@uppy/thumbnail-generator" "^1.6.7"
    "@uppy/utils" "^3.2.3"
    classnames "^2.2.6"
    cuid "^2.1.1"
    is-shallow-equal "^1.0.1"
    lodash.debounce "^4.0.8"
    lodash.throttle "^4.1.1"
    memoize-one "^5.0.4"
    preact "8.2.9"
    resize-observer-polyfill "^1.5.0"

"@uppy/dropbox@1.4.16":
  version "1.4.16"
  resolved "https://registry.yarnpkg.com/@uppy/dropbox/-/dropbox-1.4.16.tgz#c068beaf08609fea49eee2c2e89b9d2b5585bbba"
  integrity sha512-ugc8Jf/ILKtun9ycf08tVPFUlcwlP4M1ly1U2GtQnUlqE8q0yvVA8NN5F3a7ULBzilgq5/Dpoe8suEluDOwugA==
  dependencies:
    "@uppy/companion-client" "^1.5.4"
    "@uppy/provider-views" "^1.7.7"
    "@uppy/utils" "^3.2.3"
    preact "8.2.9"

"@uppy/facebook@1.1.16":
  version "1.1.16"
  resolved "https://registry.yarnpkg.com/@uppy/facebook/-/facebook-1.1.16.tgz#170840d8fb2e2290cb98ba883db5bb364a62121b"
  integrity sha512-3BTdAk/tNd5ibuArx0dNzFR3Cqz0s1/Za1ubIJGmjOXRvNdjgoziTG//sRdLBClNt7OPiv4ZFpyA+TTMReeZrg==
  dependencies:
    "@uppy/companion-client" "^1.5.4"
    "@uppy/provider-views" "^1.7.7"
    "@uppy/utils" "^3.2.3"
    preact "8.2.9"

"@uppy/google-drive@1.5.16":
  version "1.5.16"
  resolved "https://registry.yarnpkg.com/@uppy/google-drive/-/google-drive-1.5.16.tgz#12f37a0c8320980edda901b335d1fd5bb8a84ecb"
  integrity sha512-es6rKyY3iUnpX6i5LNt/okzz5GIQKdnE8GS/GzbIlywsenRFw9hpRo5oqIDFqkKCQ4t0PKOoB5kb1d18VfJxuw==
  dependencies:
    "@uppy/companion-client" "^1.5.4"
    "@uppy/provider-views" "^1.7.7"
    "@uppy/utils" "^3.2.3"
    preact "8.2.9"

"@uppy/image-editor@0.1.6":
  version "0.1.6"
  resolved "https://registry.yarnpkg.com/@uppy/image-editor/-/image-editor-0.1.6.tgz#c90a6bec72810825297f6f18fb3809b7fb2e9afc"
  integrity sha512-X1lMlgTJ38aYluXH7/ShF+tcD/Pjigu/uzyXieh3KSWwXSBB4X81KpsUID/D+JwyhywVhbQOihh0ZDGY5Wixww==
  dependencies:
    cropperjs "1.5.7"
    preact "8.2.9"

"@uppy/informer@^1.5.11":
  version "1.5.11"
  resolved "https://registry.yarnpkg.com/@uppy/informer/-/informer-1.5.11.tgz#ebd5b8960838e47ec2088a2ce0e6b914b664a283"
  integrity sha512-sZIWKvV3UO5Epk6V2e5girlzgsqukDAKnLkZh6nOqjSGRkMudGUrEZwuSOB496lBVqo38BTavI/zf+eLvrdBlA==
  dependencies:
    "@uppy/utils" "^3.2.3"
    preact "8.2.9"

"@uppy/instagram@1.4.16":
  version "1.4.16"
  resolved "https://registry.yarnpkg.com/@uppy/instagram/-/instagram-1.4.16.tgz#72b514580d8a751faff71feff41b46f3082a2a09"
  integrity sha512-dTP8U0E4syP2I4JCgg9KbXkgAXd98xKEHdp2r9e6cSzeaImPZg4H7uofeo9dNRvxZ67K1Zy2YMr/Gx/FHrAbVA==
  dependencies:
    "@uppy/companion-client" "^1.5.4"
    "@uppy/provider-views" "^1.7.7"
    "@uppy/utils" "^3.2.3"
    preact "8.2.9"

"@uppy/provider-views@^1.7.7":
  version "1.7.7"
  resolved "https://registry.yarnpkg.com/@uppy/provider-views/-/provider-views-1.7.7.tgz#fe85617d86b72ce376f9efa0c369ab7b2eb3af2e"
  integrity sha512-PLIAeUJKNOU+Yfxr4iX6oFoHS15SZZhnDj+n2JWyg3l6iNOG7gvLq85OMARFOUA0DlP5srRq4NlR/nlMWo+0xw==
  dependencies:
    "@uppy/utils" "^3.2.3"
    classnames "^2.2.6"
    preact "8.2.9"

"@uppy/status-bar@^1.7.6":
  version "1.7.6"
  resolved "https://registry.yarnpkg.com/@uppy/status-bar/-/status-bar-1.7.6.tgz#f25b50466398b1952c8b60b16d2c491ea342992f"
  integrity sha512-nlZztGjDNEmWZQfWfV/DajeNjtdhqeGO1mRQVpmjWvrCABFaTvWN9jb1t7VEZjuaegSujZot00RP7uU4au/Q+w==
  dependencies:
    "@transloadit/prettier-bytes" "0.0.7"
    "@uppy/utils" "^3.2.3"
    classnames "^2.2.6"
    lodash.throttle "^4.1.1"
    preact "8.2.9"

"@uppy/store-default@^1.2.4":
  version "1.2.4"
  resolved "https://registry.yarnpkg.com/@uppy/store-default/-/store-default-1.2.4.tgz#480f50cbf23f36158557a42b7699da0cf629d368"
  integrity sha512-d4YTq6SeH792+vG9OXGCfmCIoo4RteLJKU2mZCzMYNjCZ1yNfU/FVw1r7heTc7f2wNls56ABor2xSybk/X+wFA==

"@uppy/thumbnail-generator@^1.6.7":
  version "1.6.7"
  resolved "https://registry.yarnpkg.com/@uppy/thumbnail-generator/-/thumbnail-generator-1.6.7.tgz#65375106dae2cfd1f4cddb073e9d8ff278ca94e5"
  integrity sha512-8FRO042ulfK3qRDE1tEETxw/iDIrLzlHxqhrHG45kxZ2QfqbByg5bJAgvlwg7Zyd4202rkq75J8KeFowS/Ntjg==
  dependencies:
    "@uppy/utils" "^3.2.3"
    exifr "^5.0.2"
    math-log2 "^1.0.1"

"@uppy/tus@1.7.7":
  version "1.7.7"
  resolved "https://registry.yarnpkg.com/@uppy/tus/-/tus-1.7.7.tgz#a146ae0938f755234f774ae9c536be8b6bc8f4f1"
  integrity sha512-Fb8xlEeMmhbHeb4CvWuk3vXzhCV3vxZf7D0J/gg3OjDyWnKLnzNjHyfoNvjgukhd0V0Qes+bDxeSwkk3XXrc0g==
  dependencies:
    "@uppy/companion-client" "^1.5.4"
    "@uppy/utils" "^3.2.3"
    tus-js-client "^2.1.1"

"@uppy/utils@^3.2.3":
  version "3.2.3"
  resolved "https://registry.yarnpkg.com/@uppy/utils/-/utils-3.2.3.tgz#91cb4a133bd610b861fe3069be1f0e85036dcc20"
  integrity sha512-ue14v4yKK6bYBPGjt31wvLnYMThKCVOsy3R7y++eFuPsxfidIGmOGiv+Qmv0895kMJtt7gk0MddXjbCdBX4Ksg==
  dependencies:
    abortcontroller-polyfill "^1.4.0"
    lodash.throttle "^4.1.1"

"@uppy/webcam@1.7.0":
  version "1.7.0"
  resolved "https://registry.yarnpkg.com/@uppy/webcam/-/webcam-1.7.0.tgz#e770733b0679454ed1aa78075d55f49a95b1cc6c"
  integrity sha512-j5OAAAHWAPDLThdnHS/a6K9O28FQbsi7ZOX7FJzA+u14iOBEmAbuWy99ziETITNdE6vIjiRrak1ixeDSdPFRQQ==
  dependencies:
    "@uppy/utils" "^3.2.3"
    preact "8.2.9"

"@uppy/xhr-upload@1.6.4":
  version "1.6.4"
  resolved "https://registry.yarnpkg.com/@uppy/xhr-upload/-/xhr-upload-1.6.4.tgz#c0d2b46626854d5c5f8ca64bad5d4213eb214ffb"
  integrity sha512-Q+Fg+I+Tfpkl8WeAHnF+iIkxyVbTl06A3ihG3/LW/rB5e6Byb81E1DGVdkD71OtbIGk/Pn0DRPsqY5cSKUibsA==
  dependencies:
    "@uppy/companion-client" "^1.5.4"
    "@uppy/utils" "^3.2.3"
    cuid "^2.1.1"

abortcontroller-polyfill@^1.4.0:
  version "1.5.0"
  resolved "https://registry.yarnpkg.com/abortcontroller-polyfill/-/abortcontroller-polyfill-1.5.0.tgz#2c562f530869abbcf88d949a2b60d1d402e87a7c"
  integrity sha512-O6Xk757Jb4o0LMzMOMdWvxpHWrQzruYBaUruFaIOfAQRnWFxfdXYobw12jrVHGtoXk6WiiyYzc0QWN9aL62HQA==

ansi-colors@4.1.1:
  version "4.1.1"
  resolved "https://registry.yarnpkg.com/ansi-colors/-/ansi-colors-4.1.1.tgz#cbb9ae256bf750af1eab344f229aa27fe94ba348"
  integrity sha512-JoX0apGbHaUJBNl6yF+p6JAFYZ666/hhCGKN5t9QFjbJQKUU/g8MNbFDbvfrgKXvI1QpZplPOnwIo99lX/AAmA==

ansi-styles@^3.2.1:
  version "3.2.1"
  resolved "https://registry.yarnpkg.com/ansi-styles/-/ansi-styles-3.2.1.tgz#41fbb20243e50b12be0f04b8dedbf07520ce841d"
  integrity sha512-VT0ZI6kZRdTh8YyJw3SMbYm/u+NqfsAxEpWO0Pf9sq8/e94WxxOpPKx9FR1FlyCtOVDNOQ+8ntlqFxiRc+r5qA==
  dependencies:
    color-convert "^1.9.0"

argparse@^1.0.7:
  version "1.0.10"
  resolved "https://registry.yarnpkg.com/argparse/-/argparse-1.0.10.tgz#bcd6791ea5ae09725e17e5ad988134cd40b3d911"
  integrity sha512-o5Roy6tNG4SL/FOkCAN6RzjiakZS25RLYFrcMttJqbdd8BWrnA+fGz57iN5Pb06pvBGvl5gQ0B48dJlslXvoTg==
  dependencies:
    sprintf-js "~1.0.2"

at-least-node@^1.0.0:
  version "1.0.0"
  resolved "https://registry.yarnpkg.com/at-least-node/-/at-least-node-1.0.0.tgz#602cd4b46e844ad4effc92a8011a3c46e0238dc2"
  integrity sha512-+q/t7Ekv1EDY2l6Gda6LLiX14rU9TV20Wa3ofeQmwPFZbOMo9DXrLbOjFaaclkXKWidIaopwAObQDqwWtGUjqg==

boolbase@^1.0.0, boolbase@~1.0.0:
  version "1.0.0"
  resolved "https://registry.yarnpkg.com/boolbase/-/boolbase-1.0.0.tgz#68dff5fbe60c51eb37725ea9e3ed310dcc1e776e"
  integrity sha1-aN/1++YMUes3cl6p4+0xDcwed24=

buffer-equal-constant-time@1.0.1:
  version "1.0.1"
  resolved "https://registry.yarnpkg.com/buffer-equal-constant-time/-/buffer-equal-constant-time-1.0.1.tgz#f8e71132f7ffe6e01a5c9697a4c6f3e48d5cc819"
  integrity sha1-+OcRMvf/5uAaXJaXpMbz5I1cyBk=

buffer-from@^0.1.1:
  version "0.1.2"
  resolved "https://registry.yarnpkg.com/buffer-from/-/buffer-from-0.1.2.tgz#15f4b9bcef012044df31142c14333caf6e0260d0"
  integrity sha512-RiWIenusJsmI2KcvqQABB83tLxCByE3upSP8QU3rJDMVFGPWLvPQJt/O1Su9moRWeH7d+Q2HYb68f6+v+tw2vg==

chalk@^2.4.1:
  version "2.4.2"
  resolved "https://registry.yarnpkg.com/chalk/-/chalk-2.4.2.tgz#cd42541677a54333cf541a49108c1432b44c9424"
  integrity sha512-Mti+f9lpJNcwF4tWV8/OrTTtF1gZi+f8FqlyAdouralcFWFQWF2+NgCHShjkCb+IFBLq9buZwE1xckQU4peSuQ==
  dependencies:
    ansi-styles "^3.2.1"
    escape-string-regexp "^1.0.5"
    supports-color "^5.3.0"

cheap-watch@1.0.2:
  version "1.0.2"
  resolved "https://registry.yarnpkg.com/cheap-watch/-/cheap-watch-1.0.2.tgz#bfa648aea6bcd15e9fe4dce4ac760ab81cd0133c"
  integrity sha512-jp82t+kZAW+ZVnuYuHZEGZqDaUg28uAyOhC915BcKBSYL55fpTyuJ56cYYXZG0JkCPQT80MjRD6q2KqebaPwCw==

classnames@^2.2.6:
  version "2.2.6"
  resolved "https://registry.yarnpkg.com/classnames/-/classnames-2.2.6.tgz#43935bffdd291f326dad0a205309b38d00f650ce"
  integrity sha512-JR/iSQOSt+LQIWwrwEzJ9uk0xfN3mTVYMwt1Ir5mUcSN6pU+V4zQFFaJsclJbPuAUQH+yfWef6tm7l1quW3C8Q==

coa@^2.0.2:
  version "2.0.2"
  resolved "https://registry.yarnpkg.com/coa/-/coa-2.0.2.tgz#43f6c21151b4ef2bf57187db0d73de229e3e7ec3"
  integrity sha512-q5/jG+YQnSy4nRTV4F7lPepBJZ8qBNJJDBuJdoejDyLXgmL7IEo+Le2JDZudFTFt7mrCqIRaSjws4ygRCTCAXA==
  dependencies:
    "@types/q" "^1.5.1"
    chalk "^2.4.1"
    q "^1.1.2"

codex-notifier@^1.1.2:
  version "1.1.2"
  resolved "https://registry.yarnpkg.com/codex-notifier/-/codex-notifier-1.1.2.tgz#a733079185f4c927fa296f1d71eb8753fe080895"
  integrity sha512-DCp6xe/LGueJ1N5sXEwcBc3r3PyVkEEDNWCVigfvywAkeXcZMk9K41a31tkEFBW0Ptlwji6/JlAb49E3Yrxbtg==

codex-tooltip@^1.0.1:
  version "1.0.1"
  resolved "https://registry.yarnpkg.com/codex-tooltip/-/codex-tooltip-1.0.1.tgz#f6e4f39d81507f9c455b667f1287746d14ee8056"
  integrity sha512-1xLb1NZbxguNtf02xBRhDphq/EXvMMeEbY0ievjQTHqf8UjXsD41evGk9rqcbjpl+JOjNgtwnp1OaU/X/h6fhQ==

color-convert@^1.9.0:
  version "1.9.3"
  resolved "https://registry.yarnpkg.com/color-convert/-/color-convert-1.9.3.tgz#bb71850690e1f136567de629d2d5471deda4c1e8"
  integrity sha512-QfAUtd+vFdAtFQcC8CCyYt1fYWxSqAiK2cSD6zDB8N3cpsEBAvRxp9zOGg6G/SHHJYAT88/az/IuDGALsNVbGg==
  dependencies:
    color-name "1.1.3"

color-name@1.1.3:
  version "1.1.3"
  resolved "https://registry.yarnpkg.com/color-name/-/color-name-1.1.3.tgz#a7d0558bd89c42f795dd42328f740831ca53bc25"
  integrity sha1-p9BVi9icQveV3UIyj3QIMcpTvCU=

combine-errors@^3.0.3:
  version "3.0.3"
  resolved "https://registry.yarnpkg.com/combine-errors/-/combine-errors-3.0.3.tgz#f4df6740083e5703a3181110c2b10551f003da86"
  integrity sha1-9N9nQAg+VwOjGBEQwrEFUfAD2oY=
  dependencies:
    custom-error-instance "2.1.1"
    lodash.uniqby "4.5.0"

cropperjs@1.5.7:
  version "1.5.7"
  resolved "https://registry.yarnpkg.com/cropperjs/-/cropperjs-1.5.7.tgz#b65019725bae1c6285e881fb661b2141fa57025b"
  integrity sha512-sGj+G/ofKh+f6A4BtXLJwtcKJgMUsXYVUubfTo9grERiDGXncttefmue/fyQFvn8wfdyoD1KhDRYLfjkJFl0yw==

cross-fetch@3.0.6:
  version "3.0.6"
  resolved "https://registry.yarnpkg.com/cross-fetch/-/cross-fetch-3.0.6.tgz#3a4040bc8941e653e0e9cf17f29ebcd177d3365c"
  integrity sha512-KBPUbqgFjzWlVcURG+Svp9TlhA5uliYtiNx/0r8nv0pdypeQCRJ9IaSIc3q/x3q8t3F75cHuwxVql1HFGHCNJQ==
  dependencies:
    node-fetch "2.6.1"

crypto-js@4.0.0:
  version "4.0.0"
  resolved "https://registry.yarnpkg.com/crypto-js/-/crypto-js-4.0.0.tgz#2904ab2677a9d042856a2ea2ef80de92e4a36dcc"
  integrity sha512-bzHZN8Pn+gS7DQA6n+iUmBfl0hO5DJq++QP3U6uTucDtk/0iGpXd/Gg7CGR0p8tJhofJyaKoWBuJI4eAO00BBg==

css-select-base-adapter@^0.1.1:
  version "0.1.1"
  resolved "https://registry.yarnpkg.com/css-select-base-adapter/-/css-select-base-adapter-0.1.1.tgz#3b2ff4972cc362ab88561507a95408a1432135d7"
  integrity sha512-jQVeeRG70QI08vSTwf1jHxp74JoZsr2XSgETae8/xC8ovSnL2WF87GTLO86Sbwdt2lK4Umg4HnnwMO4YF3Ce7w==

css-select@^2.0.0:
  version "2.1.0"
  resolved "https://registry.yarnpkg.com/css-select/-/css-select-2.1.0.tgz#6a34653356635934a81baca68d0255432105dbef"
  integrity sha512-Dqk7LQKpwLoH3VovzZnkzegqNSuAziQyNZUcrdDM401iY+R5NkGBXGmtO05/yaXQziALuPogeG0b7UAgjnTJTQ==
  dependencies:
    boolbase "^1.0.0"
    css-what "^3.2.1"
    domutils "^1.7.0"
    nth-check "^1.0.2"

css-tree@1.0.0-alpha.37:
  version "1.0.0-alpha.37"
  resolved "https://registry.yarnpkg.com/css-tree/-/css-tree-1.0.0-alpha.37.tgz#98bebd62c4c1d9f960ec340cf9f7522e30709a22"
  integrity sha512-DMxWJg0rnz7UgxKT0Q1HU/L9BeJI0M6ksor0OgqOnF+aRCDWg/N2641HmVyU9KVIu0OVVWOb2IpC9A+BJRnejg==
  dependencies:
    mdn-data "2.0.4"
    source-map "^0.6.1"

css-tree@1.0.0-alpha.39:
  version "1.0.0-alpha.39"
  resolved "https://registry.yarnpkg.com/css-tree/-/css-tree-1.0.0-alpha.39.tgz#2bff3ffe1bb3f776cf7eefd91ee5cba77a149eeb"
  integrity sha512-7UvkEYgBAHRG9Nt980lYxjsTrCyHFN53ky3wVsDkiMdVqylqRt+Zc+jm5qw7/qyOvN2dHSYtX0e4MbCCExSvnA==
  dependencies:
    mdn-data "2.0.6"
    source-map "^0.6.1"

css-what@^3.2.1:
  version "3.2.1"
  resolved "https://registry.yarnpkg.com/css-what/-/css-what-3.2.1.tgz#f4a8f12421064621b456755e34a03a2c22df5da1"
  integrity sha512-WwOrosiQTvyms+Ti5ZC5vGEK0Vod3FTt1ca+payZqvKuGJF+dq7bG63DstxtN0dpm6FxY27a/zS3Wten+gEtGw==

csso@^4.0.2:
  version "4.0.3"
  resolved "https://registry.yarnpkg.com/csso/-/csso-4.0.3.tgz#0d9985dc852c7cc2b2cacfbbe1079014d1a8e903"
  integrity sha512-NL3spysxUkcrOgnpsT4Xdl2aiEiBG6bXswAABQVHcMrfjjBisFOKwLDOmf4wf32aPdcJws1zds2B0Rg+jqMyHQ==
  dependencies:
    css-tree "1.0.0-alpha.39"

cuid@^2.1.1:
  version "2.1.8"
  resolved "https://registry.yarnpkg.com/cuid/-/cuid-2.1.8.tgz#cbb88f954171e0d5747606c0139fb65c5101eac0"
  integrity sha512-xiEMER6E7TlTPnDxrM4eRiC6TRgjNX9xzEZ5U/Se2YJKr7Mq4pJn/2XEHjl3STcSh96GmkHPcBXLES8M29wyyg==

custom-error-instance@2.1.1:
  version "2.1.1"
  resolved "https://registry.yarnpkg.com/custom-error-instance/-/custom-error-instance-2.1.1.tgz#3cf6391487a6629a6247eb0ca0ce00081b7e361a"
  integrity sha1-PPY5FIemYppiR+sMoM4ACBt+Nho=

dayjs@1.8.36:
  version "1.8.36"
  resolved "https://registry.yarnpkg.com/dayjs/-/dayjs-1.8.36.tgz#be36e248467afabf8f5a86bae0de0cdceecced50"
  integrity sha512-3VmRXEtw7RZKAf+4Tv1Ym9AGeo8r8+CjDi26x+7SYQil1UqtqdaokhzoEJohqlzt0m5kacJSDhJQkG/LWhpRBw==

define-properties@^1.1.2, define-properties@^1.1.3:
  version "1.1.3"
  resolved "https://registry.yarnpkg.com/define-properties/-/define-properties-1.1.3.tgz#cf88da6cbee26fe6db7094f61d870cbd84cee9f1"
  integrity sha512-3MqfYKj2lLzdMSf8ZIZE/V+Zuy+BgD6f164e8K2w7dgnpKArBDerGYpM46IYYcjnkdPNMjPk9A6VFB8+3SKlXQ==
  dependencies:
    object-keys "^1.0.12"

devalue@2.0.1:
  version "2.0.1"
  resolved "https://registry.yarnpkg.com/devalue/-/devalue-2.0.1.tgz#5d368f9adc0928e47b77eea53ca60d2f346f9762"
  integrity sha512-I2TiqT5iWBEyB8GRfTDP0hiLZ0YeDJZ+upDxjBfOC2lebO5LezQMv7QvIUTzdb64jQyAKLf1AHADtGN+jw6v8Q==

dom-serializer@0:
  version "0.2.2"
  resolved "https://registry.yarnpkg.com/dom-serializer/-/dom-serializer-0.2.2.tgz#1afb81f533717175d478655debc5e332d9f9bb51"
  integrity sha512-2/xPb3ORsQ42nHYiSunXkDjPLBaEj/xTwUO4B7XCZQTRk7EBtTOPaygh10YAAh2OI1Qrp6NWfpAhzswj0ydt9g==
  dependencies:
    domelementtype "^2.0.1"
    entities "^2.0.0"

domelementtype@1:
  version "1.3.1"
  resolved "https://registry.yarnpkg.com/domelementtype/-/domelementtype-1.3.1.tgz#d048c44b37b0d10a7f2a3d5fee3f4333d790481f"
  integrity sha512-BSKB+TSpMpFI/HOxCNr1O8aMOTZ8hT3pM3GQ0w/mWRmkhEDSFJkkyzz4XQsBV44BChwGkrDfMyjVD0eA2aFV3w==

domelementtype@^2.0.1:
  version "2.0.1"
  resolved "https://registry.yarnpkg.com/domelementtype/-/domelementtype-2.0.1.tgz#1f8bdfe91f5a78063274e803b4bdcedf6e94f94d"
  integrity sha512-5HOHUDsYZWV8FGWN0Njbr/Rn7f/eWSQi1v7+HsUVwXgn8nWWlL64zKDkS0n8ZmQ3mlWOMuXOnR+7Nx/5tMO5AQ==

domutils@^1.7.0:
  version "1.7.0"
  resolved "https://registry.yarnpkg.com/domutils/-/domutils-1.7.0.tgz#56ea341e834e06e6748af7a1cb25da67ea9f8c2a"
  integrity sha512-Lgd2XcJ/NjEw+7tFvfKxOzCYKZsdct5lczQ2ZaQY8Djz7pfAD3Gbp8ySJWtreII/vDlMVmxwa6pHmdxIYgttDg==
  dependencies:
    dom-serializer "0"
    domelementtype "1"

dotenv@8.2.0:
  version "8.2.0"
  resolved "https://registry.yarnpkg.com/dotenv/-/dotenv-8.2.0.tgz#97e619259ada750eea3e4ea3e26bceea5424b16a"
  integrity sha512-8sJ78ElpbDJBHNeBzUbUVLsqKdccaa/BXF1uPTw3GrvQTBgrQrtObr2mUrE38vzYd8cEv+m/JBfDLioYcfXoaw==

ecdsa-sig-formatter@1.0.11:
  version "1.0.11"
  resolved "https://registry.yarnpkg.com/ecdsa-sig-formatter/-/ecdsa-sig-formatter-1.0.11.tgz#ae0f0fa2d85045ef14a817daa3ce9acd0489e5bf"
  integrity sha512-nagl3RYrbNv6kQkeJIpt6NJZy8twLB/2vtz6yN9Z4vRKHN4/QZJIEbqohALSgwKdnksuY3k5Addp5lg8sVoVcQ==
  dependencies:
    safe-buffer "^5.0.1"

entities@^2.0.0:
  version "2.0.0"
  resolved "https://registry.yarnpkg.com/entities/-/entities-2.0.0.tgz#68d6084cab1b079767540d80e56a39b423e4abf4"
  integrity sha512-D9f7V0JSRwIxlRI2mjMqufDrRDnx8p+eEOz7aUM9SuvF8gsBzra0/6tbjl1m8eQHrZlYj6PxqE00hZ1SAIKPLw==

es-abstract@^1.12.0, es-abstract@^1.5.1:
  version "1.16.3"
  resolved "https://registry.yarnpkg.com/es-abstract/-/es-abstract-1.16.3.tgz#52490d978f96ff9f89ec15b5cf244304a5bca161"
  integrity sha512-WtY7Fx5LiOnSYgF5eg/1T+GONaGmpvpPdCpSnYij+U2gDTL0UPfWrhDw7b2IYb+9NQJsYpCA0wOQvZfsd6YwRw==
  dependencies:
    es-to-primitive "^1.2.1"
    function-bind "^1.1.1"
    has "^1.0.3"
    has-symbols "^1.0.1"
    is-callable "^1.1.4"
    is-regex "^1.0.4"
    object-inspect "^1.7.0"
    object-keys "^1.1.1"
    string.prototype.trimleft "^2.1.0"
    string.prototype.trimright "^2.1.0"

es-to-primitive@^1.2.1:
  version "1.2.1"
  resolved "https://registry.yarnpkg.com/es-to-primitive/-/es-to-primitive-1.2.1.tgz#e55cd4c9cdc188bcefb03b366c736323fc5c898a"
  integrity sha512-QCOllgZJtaUo9miYBcLChTUaHNjJF3PYs1VidD7AwiEj1kYxKeQTctLAezAOH5ZKRH0g2IgPn6KwB4IT8iRpvA==
  dependencies:
    is-callable "^1.1.4"
    is-date-object "^1.0.1"
    is-symbol "^1.0.2"

escape-string-regexp@^1.0.5:
  version "1.0.5"
  resolved "https://registry.yarnpkg.com/escape-string-regexp/-/escape-string-regexp-1.0.5.tgz#1b61c0562190a8dff6ae3bb2cf0200ca130b86d4"
  integrity sha1-G2HAViGQqN/2rjuyzwIAyhMLhtQ=

esm@3.2.25:
  version "3.2.25"
  resolved "https://registry.yarnpkg.com/esm/-/esm-3.2.25.tgz#342c18c29d56157688ba5ce31f8431fbb795cc10"
  integrity sha512-U1suiZ2oDVWv4zPO56S0NcR5QriEahGtdN2OR6FiOG4WJvcjBVFB0qI4+eKoWFH483PKGuLuu6V8Z4T5g63UVA==

esprima@^4.0.0:
  version "4.0.1"
  resolved "https://registry.yarnpkg.com/esprima/-/esprima-4.0.1.tgz#13b04cdb3e6c5d19df91ab6987a8695619b0aa71"
  integrity sha512-eGuFFw7Upda+g4p+QHvnW0RyTX/SVeJBDM/gCtMARO0cLuT2HcEKnTPvhjV6aGeqrCB/sbNop0Kszm0jsaWU4A==

exifr@^5.0.2:
  version "5.0.6"
  resolved "https://registry.yarnpkg.com/exifr/-/exifr-5.0.6.tgz#7c8e5aad1083fa4ec172103dca24215203001209"
  integrity sha512-iDB4IhKoKVF+uDDrHRlyNxWqGaTxYluVWqvBWVG54HkQZe8qkFYl9eQrjEP3d8Q4UMBZ9rWu3Pa+mfC+o4CZuw==

fastest-validator@1.7.0:
  version "1.7.0"
  resolved "https://registry.yarnpkg.com/fastest-validator/-/fastest-validator-1.7.0.tgz#e696308f1ddab2f2f517b0b67bcd252bf0be44c0"
  integrity sha512-g8G9gNYHVH2EdsIOAnQ60xTeRtf+yitBudR1/5ZpGCIUyXpYv4H9oVT4mwocUOAi/JH9X3kC/R3P6tiukItbvg==

fs-extra@9.0.1:
  version "9.0.1"
  resolved "https://registry.yarnpkg.com/fs-extra/-/fs-extra-9.0.1.tgz#910da0062437ba4c39fedd863f1675ccfefcb9fc"
  integrity sha512-h2iAoN838FqAFJY2/qVpzFXy+EBxfVE220PalAqQLDVsFOHLJrZvut5puAbCdNv6WJk+B8ihI+k0c7JK5erwqQ==
  dependencies:
    at-least-node "^1.0.0"
    graceful-fs "^4.2.0"
    jsonfile "^6.0.1"
    universalify "^1.0.0"

function-bind@^1.1.1:
  version "1.1.1"
  resolved "https://registry.yarnpkg.com/function-bind/-/function-bind-1.1.1.tgz#a56899d3ea3c9bab874bb9773b7c5ede92f4895d"
  integrity sha512-yIovAzMX49sF8Yl58fSCWJ5svSLuaibPxXQJFLmBObTuCr0Mf1KiPopGM9NiFjiYBCbfaa2Fh6breQ6ANVTI0A==

graceful-fs@^4.1.2:
  version "4.2.4"
  resolved "https://registry.yarnpkg.com/graceful-fs/-/graceful-fs-4.2.4.tgz#2256bde14d3632958c465ebc96dc467ca07a29fb"
  integrity sha512-WjKPNJF79dtJAVniUlGGWHYGz2jWxT6VhN/4m1NdkbZ2nOsEF+cI1Edgql5zCRhs/VsQYRvrXctxktVXZUkixw==

graceful-fs@^4.1.6, graceful-fs@^4.2.0:
  version "4.2.3"
  resolved "https://registry.yarnpkg.com/graceful-fs/-/graceful-fs-4.2.3.tgz#4a12ff1b60376ef09862c2093edd908328be8423"
  integrity sha512-a30VEBm4PEdx1dRB7MFK7BejejvCvBronbLjht+sHuGYj8PHs7M/5Z+rt5lw551vZ7yfTCj4Vuyy3mSJytDWRQ==

has-flag@^3.0.0:
  version "3.0.0"
  resolved "https://registry.yarnpkg.com/has-flag/-/has-flag-3.0.0.tgz#b5d454dc2199ae225699f3467e5a07f3b955bafd"
  integrity sha1-tdRU3CGZriJWmfNGfloH87lVuv0=

has-symbols@^1.0.1:
  version "1.0.1"
  resolved "https://registry.yarnpkg.com/has-symbols/-/has-symbols-1.0.1.tgz#9f5214758a44196c406d9bd76cebf81ec2dd31e8"
  integrity sha512-PLcsoqu++dmEIZB+6totNFKq/7Do+Z0u4oT0zKOJNl3lYK6vGwwu2hjHs+68OEZbTjiUE9bgOABXbP/GvrS0Kg==

has@^1.0.1, has@^1.0.3:
  version "1.0.3"
  resolved "https://registry.yarnpkg.com/has/-/has-1.0.3.tgz#722d7cbfc1f6aa8241f16dd814e011e1f41e8796"
  integrity sha512-f2dvO0VU6Oej7RkWJGrehjbzMAjFp5/VKPp5tTpWIV4JHHZK1/BxbFRtf/siA2SWTe09caDmVtYYzWEIbBS4zw==
  dependencies:
    function-bind "^1.1.1"

is-callable@^1.1.4:
  version "1.1.4"
  resolved "https://registry.yarnpkg.com/is-callable/-/is-callable-1.1.4.tgz#1e1adf219e1eeb684d691f9d6a05ff0d30a24d75"
  integrity sha512-r5p9sxJjYnArLjObpjA4xu5EKI3CuKHkJXMhT7kwbpUyIFD1n5PMAsoPvWnvtZiNz7LjkYDRZhd7FlI0eMijEA==

is-date-object@^1.0.1:
  version "1.0.1"
  resolved "https://registry.yarnpkg.com/is-date-object/-/is-date-object-1.0.1.tgz#9aa20eb6aeebbff77fbd33e74ca01b33581d3a16"
  integrity sha1-mqIOtq7rv/d/vTPnTKAbM1gdOhY=

is-regex@^1.0.4:
  version "1.0.4"
  resolved "https://registry.yarnpkg.com/is-regex/-/is-regex-1.0.4.tgz#5517489b547091b0930e095654ced25ee97e9491"
  integrity sha1-VRdIm1RwkbCTDglWVM7SXul+lJE=
  dependencies:
    has "^1.0.1"

is-shallow-equal@^1.0.1:
  version "1.0.1"
  resolved "https://registry.yarnpkg.com/is-shallow-equal/-/is-shallow-equal-1.0.1.tgz#c410b51eb1c12ee50cd02891d32d1691a132d73c"
  integrity sha512-lq5RvK+85Hs5J3p4oA4256M1FEffzmI533ikeDHvJd42nouRRx5wBzt36JuviiGe5dIPyHON/d0/Up+PBo6XkQ==

is-symbol@^1.0.2:
  version "1.0.3"
  resolved "https://registry.yarnpkg.com/is-symbol/-/is-symbol-1.0.3.tgz#38e1014b9e6329be0de9d24a414fd7441ec61937"
  integrity sha512-OwijhaRSgqvhm/0ZdAcXNZt9lYdKFpcRDT5ULUuYXPoT794UNOdU+gpT6Rzo7b4V2HUl/op6GqY894AZwv9faQ==
  dependencies:
    has-symbols "^1.0.1"

js-base64@^2.6.1:
  version "2.6.4"
  resolved "https://registry.yarnpkg.com/js-base64/-/js-base64-2.6.4.tgz#f4e686c5de1ea1f867dbcad3d46d969428df98c4"
  integrity sha512-pZe//GGmwJndub7ZghVHz7vjb2LgC1m8B07Au3eYqeqv9emhESByMXxaEgkUkEqJe87oBbSniGYoQNIBklc7IQ==

js-yaml@^3.13.1:
  version "3.13.1"
  resolved "https://registry.yarnpkg.com/js-yaml/-/js-yaml-3.13.1.tgz#aff151b30bfdfa8e49e05da22e7415e9dfa37847"
  integrity sha512-YfbcO7jXDdyj0DGxYVSlSeQNHbD7XPWvrVWeVUujrQEoZzWJIRrCPoyk6kL6IAjAG2IolMK4T0hNUe0HOUs5Jw==
  dependencies:
    argparse "^1.0.7"
    esprima "^4.0.0"

jsonfile@^6.0.1:
  version "6.0.1"
  resolved "https://registry.yarnpkg.com/jsonfile/-/jsonfile-6.0.1.tgz#98966cba214378c8c84b82e085907b40bf614179"
  integrity sha512-jR2b5v7d2vIOust+w3wtFKZIfpC2pnRmFAhAC/BuweZFQR8qZzxH1OyrQ10HmdVYiXWkYUqPVsz91cG7EL2FBg==
  dependencies:
    universalify "^1.0.0"
  optionalDependencies:
    graceful-fs "^4.1.6"

jsonwebtoken@8.5.1:
  version "8.5.1"
  resolved "https://registry.yarnpkg.com/jsonwebtoken/-/jsonwebtoken-8.5.1.tgz#00e71e0b8df54c2121a1f26137df2280673bcc0d"
  integrity sha512-XjwVfRS6jTMsqYs0EsuJ4LGxXV14zQybNd4L2r0UvbVnSF9Af8x7p5MzbJ90Ioz/9TI41/hTCvznF/loiSzn8w==
  dependencies:
    jws "^3.2.2"
    lodash.includes "^4.3.0"
    lodash.isboolean "^3.0.3"
    lodash.isinteger "^4.0.4"
    lodash.isnumber "^3.0.3"
    lodash.isplainobject "^4.0.6"
    lodash.isstring "^4.0.1"
    lodash.once "^4.0.0"
    ms "^2.1.1"
    semver "^5.6.0"

jwa@^1.4.1:
  version "1.4.1"
  resolved "https://registry.yarnpkg.com/jwa/-/jwa-1.4.1.tgz#743c32985cb9e98655530d53641b66c8645b039a"
  integrity sha512-qiLX/xhEEFKUAJ6FiBMbes3w9ATzyk5W7Hvzpa/SLYdxNtng+gcurvrI7TbACjIXlsJyr05/S1oUhZrc63evQA==
  dependencies:
    buffer-equal-constant-time "1.0.1"
    ecdsa-sig-formatter "1.0.11"
    safe-buffer "^5.0.1"

jws@^3.2.2:
  version "3.2.2"
  resolved "https://registry.yarnpkg.com/jws/-/jws-3.2.2.tgz#001099f3639468c9414000e99995fa52fb478304"
  integrity sha512-YHlZCB6lMTllWDtSPHz/ZXTsi8S00usEV6v1tjq8tOUZzw7DpSDWVXjXDre6ed1w/pd495ODpHZYSdkRTsa0HA==
  dependencies:
    jwa "^1.4.1"
    safe-buffer "^5.0.1"

lodash._baseiteratee@~4.7.0:
  version "4.7.0"
  resolved "https://registry.yarnpkg.com/lodash._baseiteratee/-/lodash._baseiteratee-4.7.0.tgz#34a9b5543572727c3db2e78edae3c0e9e66bd102"
  integrity sha1-NKm1VDVycnw9sueO2uPA6eZr0QI=
  dependencies:
    lodash._stringtopath "~4.8.0"

lodash._basetostring@~4.12.0:
  version "4.12.0"
  resolved "https://registry.yarnpkg.com/lodash._basetostring/-/lodash._basetostring-4.12.0.tgz#9327c9dc5158866b7fa4b9d42f4638e5766dd9df"
  integrity sha1-kyfJ3FFYhmt/pLnUL0Y45XZt2d8=

lodash._baseuniq@~4.6.0:
  version "4.6.0"
  resolved "https://registry.yarnpkg.com/lodash._baseuniq/-/lodash._baseuniq-4.6.0.tgz#0ebb44e456814af7905c6212fa2c9b2d51b841e8"
  integrity sha1-DrtE5FaBSveQXGIS+iybLVG4Qeg=
  dependencies:
    lodash._createset "~4.0.0"
    lodash._root "~3.0.0"

lodash._createset@~4.0.0:
  version "4.0.3"
  resolved "https://registry.yarnpkg.com/lodash._createset/-/lodash._createset-4.0.3.tgz#0f4659fbb09d75194fa9e2b88a6644d363c9fe26"
  integrity sha1-D0ZZ+7CddRlPqeK4imZE02PJ/iY=

lodash._root@~3.0.0:
  version "3.0.1"
  resolved "https://registry.yarnpkg.com/lodash._root/-/lodash._root-3.0.1.tgz#fba1c4524c19ee9a5f8136b4609f017cf4ded692"
  integrity sha1-+6HEUkwZ7ppfgTa0YJ8BfPTe1pI=

lodash._stringtopath@~4.8.0:
  version "4.8.0"
  resolved "https://registry.yarnpkg.com/lodash._stringtopath/-/lodash._stringtopath-4.8.0.tgz#941bcf0e64266e5fc1d66fed0a6959544c576824"
  integrity sha1-lBvPDmQmbl/B1m/tCmlZVExXaCQ=
  dependencies:
    lodash._basetostring "~4.12.0"

lodash.debounce@^4.0.8:
  version "4.0.8"
  resolved "https://registry.yarnpkg.com/lodash.debounce/-/lodash.debounce-4.0.8.tgz#82d79bff30a67c4005ffd5e2515300ad9ca4d7af"
  integrity sha1-gteb/zCmfEAF/9XiUVMArZyk168=

lodash.includes@^4.3.0:
  version "4.3.0"
  resolved "https://registry.yarnpkg.com/lodash.includes/-/lodash.includes-4.3.0.tgz#60bb98a87cb923c68ca1e51325483314849f553f"
  integrity sha1-YLuYqHy5I8aMoeUTJUgzFISfVT8=

lodash.isboolean@^3.0.3:
  version "3.0.3"
  resolved "https://registry.yarnpkg.com/lodash.isboolean/-/lodash.isboolean-3.0.3.tgz#6c2e171db2a257cd96802fd43b01b20d5f5870f6"
  integrity sha1-bC4XHbKiV82WgC/UOwGyDV9YcPY=

lodash.isinteger@^4.0.4:
  version "4.0.4"
  resolved "https://registry.yarnpkg.com/lodash.isinteger/-/lodash.isinteger-4.0.4.tgz#619c0af3d03f8b04c31f5882840b77b11cd68343"
  integrity sha1-YZwK89A/iwTDH1iChAt3sRzWg0M=

lodash.isnumber@^3.0.3:
  version "3.0.3"
  resolved "https://registry.yarnpkg.com/lodash.isnumber/-/lodash.isnumber-3.0.3.tgz#3ce76810c5928d03352301ac287317f11c0b1ffc"
  integrity sha1-POdoEMWSjQM1IwGsKHMX8RwLH/w=

lodash.isplainobject@^4.0.6:
  version "4.0.6"
  resolved "https://registry.yarnpkg.com/lodash.isplainobject/-/lodash.isplainobject-4.0.6.tgz#7c526a52d89b45c45cc690b88163be0497f550cb"
  integrity sha1-fFJqUtibRcRcxpC4gWO+BJf1UMs=

lodash.isstring@^4.0.1:
  version "4.0.1"
  resolved "https://registry.yarnpkg.com/lodash.isstring/-/lodash.isstring-4.0.1.tgz#d527dfb5456eca7cc9bb95d5daeaf88ba54a5451"
  integrity sha1-1SfftUVuynzJu5XV2ur4i6VKVFE=

lodash.once@^4.0.0:
  version "4.1.1"
  resolved "https://registry.yarnpkg.com/lodash.once/-/lodash.once-4.1.1.tgz#0dd3971213c7c56df880977d504c88fb471a97ac"
  integrity sha1-DdOXEhPHxW34gJd9UEyI+0cal6w=

lodash.throttle@^4.1.1:
  version "4.1.1"
  resolved "https://registry.yarnpkg.com/lodash.throttle/-/lodash.throttle-4.1.1.tgz#c23e91b710242ac70c37f1e1cda9274cc39bf2f4"
  integrity sha1-wj6RtxAkKscMN/HhzaknTMOb8vQ=

lodash.uniqby@4.5.0:
  version "4.5.0"
  resolved "https://registry.yarnpkg.com/lodash.uniqby/-/lodash.uniqby-4.5.0.tgz#a3a17bbf62eeb6240f491846e97c1c4e2a5e1e21"
  integrity sha1-o6F7v2LutiQPSRhG6XwcTipeHiE=
  dependencies:
    lodash._baseiteratee "~4.7.0"
    lodash._baseuniq "~4.6.0"

math-log2@^1.0.1:
  version "1.0.1"
  resolved "https://registry.yarnpkg.com/math-log2/-/math-log2-1.0.1.tgz#fb8941be5f5ebe8979e718e6273b178e58694565"
  integrity sha1-+4lBvl9evol55xjmJzsXjlhpRWU=

mdn-data@2.0.4:
  version "2.0.4"
  resolved "https://registry.yarnpkg.com/mdn-data/-/mdn-data-2.0.4.tgz#699b3c38ac6f1d728091a64650b65d388502fd5b"
  integrity sha512-iV3XNKw06j5Q7mi6h+9vbx23Tv7JkjEVgKHW4pimwyDGWm0OIQntJJ+u1C6mg6mK1EaTv42XQ7w76yuzH7M2cA==

mdn-data@2.0.6:
  version "2.0.6"
  resolved "https://registry.yarnpkg.com/mdn-data/-/mdn-data-2.0.6.tgz#852dc60fcaa5daa2e8cf6c9189c440ed3e042978"
  integrity sha512-rQvjv71olwNHgiTbfPZFkJtjNMciWgswYeciZhtvWLO8bmX3TnhyA62I6sTWOyZssWHJJjY6/KiWwqQsWWsqOA==

memoize-one@^5.0.4:
  version "5.1.1"
  resolved "https://registry.yarnpkg.com/memoize-one/-/memoize-one-5.1.1.tgz#047b6e3199b508eaec03504de71229b8eb1d75c0"
  integrity sha512-HKeeBpWvqiVJD57ZUAsJNm71eHTykffzcLZVYWiVfQeI1rJtuEaS7hQiEpWfVVk18donPwJEcFKIkCmPJNOhHA==

mime-match@^1.0.2:
  version "1.0.2"
  resolved "https://registry.yarnpkg.com/mime-match/-/mime-match-1.0.2.tgz#3f87c31e9af1a5fd485fb9db134428b23bbb7ba8"
  integrity sha1-P4fDHprxpf1IX7nbE0Qosju7e6g=
  dependencies:
    wildcard "^1.1.0"

minimist@0.0.8:
  version "0.0.8"
  resolved "https://registry.yarnpkg.com/minimist/-/minimist-0.0.8.tgz#857fcabfc3397d2625b8228262e86aa7a011b05d"
  integrity sha1-hX/Kv8M5fSYluCKCYuhqp6ARsF0=

mkdirp@~0.5.1:
  version "0.5.1"
  resolved "https://registry.yarnpkg.com/mkdirp/-/mkdirp-0.5.1.tgz#30057438eac6cf7f8c4767f38648d6697d75c903"
  integrity sha1-MAV0OOrGz3+MR2fzhkjWaX11yQM=
  dependencies:
    minimist "0.0.8"

mri@^1.1.0:
  version "1.1.4"
  resolved "https://registry.yarnpkg.com/mri/-/mri-1.1.4.tgz#7cb1dd1b9b40905f1fac053abe25b6720f44744a"
  integrity sha512-6y7IjGPm8AzlvoUrwAaw1tLnUBudaS3752vcd8JtrpGGQn+rXIe63LFVHm/YMwtqAuh+LJPCFdlLYPWM1nYn6w==

ms@^2.1.1:
  version "2.1.2"
  resolved "https://registry.yarnpkg.com/ms/-/ms-2.1.2.tgz#d09d1f357b443f493382a8eb3ccd183872ae6009"
  integrity sha512-sGkPx+VjMtmA6MX27oA4FBFELFCZZ4S4XqeGOXCv68tT+jb3vk/RyaKWP0PTKyWtmLSM0b+adUTEvbs1PEaH2w==

namespace-emitter@^2.0.1:
  version "2.0.1"
  resolved "https://registry.yarnpkg.com/namespace-emitter/-/namespace-emitter-2.0.1.tgz#978d51361c61313b4e6b8cf6f3853d08dfa2b17c"
  integrity sha512-N/sMKHniSDJBjfrkbS/tpkPj4RAbvW3mr8UAzvlMHyun93XEm83IAvhWtJVHo+RHn/oO8Job5YN4b+wRjSVp5g==

node-fetch@2.6.1:
  version "2.6.1"
  resolved "https://registry.yarnpkg.com/node-fetch/-/node-fetch-2.6.1.tgz#045bd323631f76ed2e2b55573394416b639a0052"
  integrity sha512-V4aYg89jEoVRxRb2fJdAg8FHvI7cEyYdVAh94HH0UIK8oJxUfkjlDQN9RbMx+bEjP7+ggMiFRprSti032Oipxw==

nth-check@^1.0.2:
  version "1.0.2"
  resolved "https://registry.yarnpkg.com/nth-check/-/nth-check-1.0.2.tgz#b2bd295c37e3dd58a3bf0700376663ba4d9cf05c"
  integrity sha512-WeBOdju8SnzPN5vTUJYxYUxLeXpCaVP5i5e0LF8fg7WORF2Wd7wFX/pk0tYZk7s8T+J7VLy0Da6J1+wCT0AtHg==
  dependencies:
    boolbase "~1.0.0"

object-inspect@^1.7.0:
  version "1.7.0"
  resolved "https://registry.yarnpkg.com/object-inspect/-/object-inspect-1.7.0.tgz#f4f6bd181ad77f006b5ece60bd0b6f398ff74a67"
  integrity sha512-a7pEHdh1xKIAgTySUGgLMx/xwDZskN1Ud6egYYN3EdRW4ZMPNEDUTF+hwy2LUC+Bl+SyLXANnwz/jyh/qutKUw==

object-keys@^1.0.12, object-keys@^1.1.1:
  version "1.1.1"
  resolved "https://registry.yarnpkg.com/object-keys/-/object-keys-1.1.1.tgz#1c47f272df277f3b1daf061677d9c82e2322c60e"
  integrity sha512-NuAESUOUMrlIXOfHKzD6bpPu3tYt3xvjNdRIQ+FeT0lNb4K8WR70CaDxhuNguS2XG+GjkyMwOzsN5ZktImfhLA==

object.getownpropertydescriptors@^2.0.3:
  version "2.0.3"
  resolved "https://registry.yarnpkg.com/object.getownpropertydescriptors/-/object.getownpropertydescriptors-2.0.3.tgz#8758c846f5b407adab0f236e0986f14b051caa16"
  integrity sha1-h1jIRvW0B62rDyNuCYbxSwUcqhY=
  dependencies:
    define-properties "^1.1.2"
    es-abstract "^1.5.1"

object.values@^1.1.0:
  version "1.1.0"
  resolved "https://registry.yarnpkg.com/object.values/-/object.values-1.1.0.tgz#bf6810ef5da3e5325790eaaa2be213ea84624da9"
  integrity sha512-8mf0nKLAoFX6VlNVdhGj31SVYpaNFtUnuoOXWyFEstsWRgU837AK+JYM0iAxwkSzGRbwn8cbFmgbyxj1j4VbXg==
  dependencies:
    define-properties "^1.1.3"
    es-abstract "^1.12.0"
    function-bind "^1.1.1"
    has "^1.0.3"

preact@8.2.9:
  version "8.2.9"
  resolved "https://registry.yarnpkg.com/preact/-/preact-8.2.9.tgz#813ba9dd45e5d97c5ea0d6c86d375b3be711cc40"
  integrity sha512-ThuGXBmJS3VsT+jIP+eQufD3L8pRw/PY3FoCys6O9Pu6aF12Pn9zAJDX99TfwRAFOCEKm/P0lwiPTbqKMJp0fA==

proper-lockfile@^2.0.1:
  version "2.0.1"
  resolved "https://registry.yarnpkg.com/proper-lockfile/-/proper-lockfile-2.0.1.tgz#159fb06193d32003f4b3691dd2ec1a634aa80d1d"
  integrity sha1-FZ+wYZPTIAP0s2kd0uwaY0qoDR0=
  dependencies:
    graceful-fs "^4.1.2"
    retry "^0.10.0"

q@^1.1.2:
  version "1.5.1"
  resolved "https://registry.yarnpkg.com/q/-/q-1.5.1.tgz#7e32f75b41381291d04611f1bf14109ac00651d7"
  integrity sha1-fjL3W0E4EpHQRhHxvxQQmsAGUdc=

querystringify@^2.1.1:
  version "2.2.0"
  resolved "https://registry.yarnpkg.com/querystringify/-/querystringify-2.2.0.tgz#3345941b4153cb9d082d8eee4cda2016a9aef7f6"
  integrity sha512-FIqgj2EUvTa7R50u0rGsyTftzjYmv/a3hO345bZNrqabNqjtgiDMgmo4mkUjd+nzU5oF3dClKqFIPUKybUyqoQ==

requires-port@^1.0.0:
  version "1.0.0"
  resolved "https://registry.yarnpkg.com/requires-port/-/requires-port-1.0.0.tgz#925d2601d39ac485e091cf0da5c6e694dc3dcaff"
  integrity sha1-kl0mAdOaxIXgkc8NpcbmlNw9yv8=

resize-observer-polyfill@^1.5.0:
  version "1.5.1"
  resolved "https://registry.yarnpkg.com/resize-observer-polyfill/-/resize-observer-polyfill-1.5.1.tgz#0e9020dd3d21024458d4ebd27e23e40269810464"
  integrity sha512-LwZrotdHOo12nQuZlHEmtuXdqGoOD0OhaxopaNFxWzInpEgaLWoVuAMbTzixuosCx2nEG58ngzW3vxdWoxIgdg==

retry@^0.10.0:
  version "0.10.1"
  resolved "https://registry.yarnpkg.com/retry/-/retry-0.10.1.tgz#e76388d217992c252750241d3d3956fed98d8ff4"
  integrity sha1-52OI0heZLCUnUCQdPTlW/tmNj/Q=

sade@1.7.3:
  version "1.7.3"
  resolved "https://registry.yarnpkg.com/sade/-/sade-1.7.3.tgz#a217ccc4fb4abb2d271648bf48f6628b2636fa1b"
  integrity sha512-m4BctppMvJ60W1dXnHq7jMmFe3hPJZDAH85kQ3ACTo7XZNVUuTItCQ+2HfyaMeV5cKrbw7l4vD/6We3GBxvdJw==
  dependencies:
    mri "^1.1.0"

safe-buffer@^5.0.1:
  version "5.2.0"
  resolved "https://registry.yarnpkg.com/safe-buffer/-/safe-buffer-5.2.0.tgz#b74daec49b1148f88c64b68d49b1e815c1f2f519"
  integrity sha512-fZEwUGbVl7kouZs1jCdMLdt95hdIv0ZeHg6L7qPeciMZhZ+/gdesW4wgTARkrFWEpspjEATAzUGPG8N2jJiwbg==

sax@~1.2.4:
  version "1.2.4"
  resolved "https://registry.yarnpkg.com/sax/-/sax-1.2.4.tgz#2816234e2378bddc4e5354fab5caa895df7100d9"
  integrity sha512-NqVDv9TpANUjFm0N8uM5GxL36UgKi9/atZw+x7YFnQ8ckwFGKrl4xX4yWtrey3UJm5nP1kUbnYgLopqWNSRhWw==

semver@^5.6.0:
  version "5.7.1"
  resolved "https://registry.yarnpkg.com/semver/-/semver-5.7.1.tgz#a954f931aeba508d307bbf069eff0c01c96116f7"
  integrity sha512-sauaDf/PZdVgrLTNYHRtpXa1iRiKcaebiKQ1BJdpQlWH2lCvexQdX55snPFyK7QzpudqbCI0qXFfOasHdyNDGQ==

source-map@^0.6.1:
  version "0.6.1"
  resolved "https://registry.yarnpkg.com/source-map/-/source-map-0.6.1.tgz#74722af32e9614e9c287a8d0bbde48b5e2f1a263"
  integrity sha512-UjgapumWlbMhkBgzT7Ykc5YXUT46F0iKu8SGXq0bcwP5dz/h0Plj6enJqjz1Zbq2l5WaqYnrVbwWOWMyF3F47g==

sprintf-js@~1.0.2:
  version "1.0.3"
  resolved "https://registry.yarnpkg.com/sprintf-js/-/sprintf-js-1.0.3.tgz#04e6926f662895354f3dd015203633b857297e2c"
  integrity sha1-BOaSb2YolTVPPdAVIDYzuFcpfiw=

stable@^0.1.8:
  version "0.1.8"
  resolved "https://registry.yarnpkg.com/stable/-/stable-0.1.8.tgz#836eb3c8382fe2936feaf544631017ce7d47a3cf"
  integrity sha512-ji9qxRnOVfcuLDySj9qzhGSEFVobyt1kIOSkj1qZzYLzq7Tos/oUUWvotUPQLlrsidqsK6tBH89Bc9kL5zHA6w==

string.prototype.trimleft@^2.1.0:
  version "2.1.0"
  resolved "https://registry.yarnpkg.com/string.prototype.trimleft/-/string.prototype.trimleft-2.1.0.tgz#6cc47f0d7eb8d62b0f3701611715a3954591d634"
  integrity sha512-FJ6b7EgdKxxbDxc79cOlok6Afd++TTs5szo+zJTUyow3ycrRfJVE2pq3vcN53XexvKZu/DJMDfeI/qMiZTrjTw==
  dependencies:
    define-properties "^1.1.3"
    function-bind "^1.1.1"

string.prototype.trimright@^2.1.0:
  version "2.1.0"
  resolved "https://registry.yarnpkg.com/string.prototype.trimright/-/string.prototype.trimright-2.1.0.tgz#669d164be9df9b6f7559fa8e89945b168a5a6c58"
  integrity sha512-fXZTSV55dNBwv16uw+hh5jkghxSnc5oHq+5K/gXgizHwAvMetdAJlHqqoFC1FSDVPYWLkAKl2cxpUT41sV7nSg==
  dependencies:
    define-properties "^1.1.3"
    function-bind "^1.1.1"

supports-color@^5.3.0:
  version "5.5.0"
  resolved "https://registry.yarnpkg.com/supports-color/-/supports-color-5.5.0.tgz#e2e69a44ac8772f78a1ec0b35b689df6530efc8f"
  integrity sha512-QjVjwdXIt408MIiAqCX4oUKsgU2EqAGzs2Ppkm4aQYbjm+ZEWEcW4SfFNTr4uMNZma0ey4f5lgLrkB0aX0QMow==
  dependencies:
    has-flag "^3.0.0"

svelte-dnd-action@0.5.3:
  version "0.5.3"
  resolved "https://registry.yarnpkg.com/svelte-dnd-action/-/svelte-dnd-action-0.5.3.tgz#261009e8b27612ff407d276ef18de52a7e3bc45c"
  integrity sha512-2BouH/YbswEvLLNMXzA3eqifRUsCCQ7dFBAmNQ09Xb7kr1OI11UGuVz7PcLPjKHrE2yCH985MuT7jUMoBednew==

svelte@3.28.0:
  version "3.28.0"
  resolved "https://registry.yarnpkg.com/svelte/-/svelte-3.28.0.tgz#e257fab5666701cf230bea583ceb470bdda1344c"
  integrity sha512-WJW8wD+aTmU5GUnTUjdhVF35mve2MjylubLgB6fGWoXHpYENdwcwWsWvjMQLayzMynqNH733h1Ck8wJzNR7gdQ==

svgo@1.3.2:
  version "1.3.2"
  resolved "https://registry.yarnpkg.com/svgo/-/svgo-1.3.2.tgz#b6dc511c063346c9e415b81e43401145b96d4167"
  integrity sha512-yhy/sQYxR5BkC98CY7o31VGsg014AKLEPxdfhora76l36hD9Rdy5NZA/Ocn6yayNPgSamYdtX2rFJdcv07AYVw==
  dependencies:
    chalk "^2.4.1"
    coa "^2.0.2"
    css-select "^2.0.0"
    css-select-base-adapter "^0.1.1"
    css-tree "1.0.0-alpha.37"
    csso "^4.0.2"
    js-yaml "^3.13.1"
    mkdirp "~0.5.1"
    object.values "^1.1.0"
    sax "~1.2.4"
    stable "^0.1.8"
    unquote "~1.1.1"
    util.promisify "~1.0.0"

totalist@2.0.0:
  version "2.0.0"
  resolved "https://registry.yarnpkg.com/totalist/-/totalist-2.0.0.tgz#db6f1e19c0fa63e71339bbb8fba89653c18c7eec"
  integrity sha512-+Y17F0YzxfACxTyjfhnJQEe7afPA0GSpYlFkl2VFMxYP7jshQf9gXV7cH47EfToBumFThfKBvfAcoUn6fdNeRQ==

tus-js-client@^2.1.1:
  version "2.2.0"
  resolved "https://registry.yarnpkg.com/tus-js-client/-/tus-js-client-2.2.0.tgz#353db7cba7b84b46188b02fa1295344f0b483c4c"
  integrity sha512-6RM7SHJD1j3X4o+f8dX1tcPOETsSitbF+ee3Ecz4Lu5+muYJnyYMRUXbz12N7dDfoCQ14Y5EmksbDP4BGzmC8w==
  dependencies:
    buffer-from "^0.1.1"
    combine-errors "^3.0.3"
    js-base64 "^2.6.1"
    lodash.throttle "^4.1.1"
    proper-lockfile "^2.0.1"
    url-parse "^1.4.3"

uid@1.0.0:
  version "1.0.0"
  resolved "https://registry.yarnpkg.com/uid/-/uid-1.0.0.tgz#40a64108ebdf765b3945c286b77c83c168687170"
  integrity sha512-DYp36HDIRECMW0xmeyGSDSheURMbL7gy4DqINDUW5OSw7cot0pNRNvEtEji9nk1XVDZN/0lJ7myxacoTeU9oow==

universalify@^1.0.0:
  version "1.0.0"
  resolved "https://registry.yarnpkg.com/universalify/-/universalify-1.0.0.tgz#b61a1da173e8435b2fe3c67d29b9adf8594bd16d"
  integrity sha512-rb6X1W158d7pRQBg5gkR8uPaSfiids68LTJQYOtEUhoJUWBdaQHsuT/EUduxXYxcrt4r5PJ4fuHW1MHT6p0qug==

unquote@~1.1.1:
  version "1.1.1"
  resolved "https://registry.yarnpkg.com/unquote/-/unquote-1.1.1.tgz#8fded7324ec6e88a0ff8b905e7c098cdc086d544"
  integrity sha1-j97XMk7G6IoP+LkF58CYzcCG1UQ=

url-parse@^1.4.3:
  version "1.4.7"
  resolved "https://registry.yarnpkg.com/url-parse/-/url-parse-1.4.7.tgz#a8a83535e8c00a316e403a5db4ac1b9b853ae278"
  integrity sha512-d3uaVyzDB9tQoSXFvuSUNFibTd9zxd2bkVrDRvF5TmvWWQwqE4lgYJ5m+x1DbecWkw+LK4RNl2CU1hHuOKPVlg==
  dependencies:
    querystringify "^2.1.1"
    requires-port "^1.0.0"

util.promisify@~1.0.0:
  version "1.0.0"
  resolved "https://registry.yarnpkg.com/util.promisify/-/util.promisify-1.0.0.tgz#440f7165a459c9a16dc145eb8e72f35687097030"
  integrity sha512-i+6qA2MPhvoKLuxnJNpXAGhg7HphQOSUq2LKMZD0m15EiskXUkMvKdF4Uui0WYeCUGea+o2cw/ZuwehtfsrNkA==
  dependencies:
    define-properties "^1.1.2"
    object.getownpropertydescriptors "^2.0.3"

wildcard@^1.1.0:
  version "1.1.2"
  resolved "https://registry.yarnpkg.com/wildcard/-/wildcard-1.1.2.tgz#a7020453084d8cd2efe70ba9d3696263de1710a5"
  integrity sha1-pwIEUwhNjNLv5wup02liY94XEKU=
